
Microsoft Visual Studio Solution File, Format Version 12.00
# Visual Studio 2012
Project("{2150E333-8FDC-42A3-9474-1A3956D46DE8}") = ".nuget", ".nuget", "{6E040F02-CE6C-46C3-A4E8-91CE3B263B35}"
	ProjectSection(SolutionItems) = preProject
		.nuget\packages.config = .nuget\packages.config
	EndProjectSection
EndProject
Project("{FAE04EC0-301F-11D3-BF4B-00C04F79EFBC}") = "GhostBridge", "src\GhostBridge\GhostBridge.csproj", "{903A9C7F-4AC9-4D7A-BA6F-411DDE1B5521}"
EndProject
Project("{FAE04EC0-301F-11D3-BF4B-00C04F79EFBC}") = "GhostBridge.Specs", "src\GhostBridge.Specs\GhostBridge.Specs.csproj", "{E0CDF479-BDBE-43AF-8692-BDC2A477782D}"
EndProject
Project("{FAE04EC0-301F-11D3-BF4B-00C04F79EFBC}") = "GhostBridge.Sample.CSharp.MSpec", "src\GhostBridge.Sample.CSharp.MSpec\GhostBridge.Sample.CSharp.MSpec.csproj", "{5210A008-C7EC-4418-891A-120CE185BD28}"
EndProject
Project("{F184B08F-C81C-45F6-A57F-5ABD9991F28F}") = "GhostBridge.Sample.VBNet.MSpec", "src\GhostBridge.Sample.VBNet.MSpec\GhostBridge.Sample.VBNet.MSpec.vbproj", "{E49A88C9-A0B5-4E4E-AFAD-F3E47DD0A4D2}"
EndProject
Global
	GlobalSection(SolutionConfigurationPlatforms) = preSolution
		Debug|Any CPU = Debug|Any CPU
		Debug|x86 = Debug|x86
		Release|Any CPU = Release|Any CPU
		Release|x86 = Release|x86
	EndGlobalSection
	GlobalSection(ProjectConfigurationPlatforms) = postSolution
		{903A9C7F-4AC9-4D7A-BA6F-411DDE1B5521}.Debug|Any CPU.ActiveCfg = Debug|Any CPU
		{903A9C7F-4AC9-4D7A-BA6F-411DDE1B5521}.Debug|Any CPU.Build.0 = Debug|Any CPU
		{903A9C7F-4AC9-4D7A-BA6F-411DDE1B5521}.Debug|x86.ActiveCfg = Debug|Any CPU
		{903A9C7F-4AC9-4D7A-BA6F-411DDE1B5521}.Release|Any CPU.ActiveCfg = Release|Any CPU
		{903A9C7F-4AC9-4D7A-BA6F-411DDE1B5521}.Release|Any CPU.Build.0 = Release|Any CPU
		{903A9C7F-4AC9-4D7A-BA6F-411DDE1B5521}.Release|x86.ActiveCfg = Release|Any CPU
		{E0CDF479-BDBE-43AF-8692-BDC2A477782D}.Debug|Any CPU.ActiveCfg = Debug|Any CPU
		{E0CDF479-BDBE-43AF-8692-BDC2A477782D}.Debug|Any CPU.Build.0 = Debug|Any CPU
		{E0CDF479-BDBE-43AF-8692-BDC2A477782D}.Debug|x86.ActiveCfg = Debug|Any CPU
		{E0CDF479-BDBE-43AF-8692-BDC2A477782D}.Release|Any CPU.ActiveCfg = Release|Any CPU
		{E0CDF479-BDBE-43AF-8692-BDC2A477782D}.Release|Any CPU.Build.0 = Release|Any CPU
		{E0CDF479-BDBE-43AF-8692-BDC2A477782D}.Release|x86.ActiveCfg = Release|Any CPU
		{5210A008-C7EC-4418-891A-120CE185BD28}.Debug|Any CPU.ActiveCfg = Debug|Any CPU
		{5210A008-C7EC-4418-891A-120CE185BD28}.Debug|Any CPU.Build.0 = Debug|Any CPU
		{5210A008-C7EC-4418-891A-120CE185BD28}.Debug|x86.ActiveCfg = Debug|Any CPU
		{5210A008-C7EC-4418-891A-120CE185BD28}.Release|Any CPU.ActiveCfg = Release|Any CPU
		{5210A008-C7EC-4418-891A-120CE185BD28}.Release|Any CPU.Build.0 = Release|Any CPU
		{5210A008-C7EC-4418-891A-120CE185BD28}.Release|x86.ActiveCfg = Release|Any CPU
		{E49A88C9-A0B5-4E4E-AFAD-F3E47DD0A4D2}.Debug|Any CPU.ActiveCfg = Debug|Any CPU
		{E49A88C9-A0B5-4E4E-AFAD-F3E47DD0A4D2}.Debug|Any CPU.Build.0 = Debug|Any CPU
		{E49A88C9-A0B5-4E4E-AFAD-F3E47DD0A4D2}.Debug|x86.ActiveCfg = Debug|Any CPU
		{E49A88C9-A0B5-4E4E-AFAD-F3E47DD0A4D2}.Release|Any CPU.ActiveCfg = Release|Any CPU
		{E49A88C9-A0B5-4E4E-AFAD-F3E47DD0A4D2}.Release|Any CPU.Build.0 = Release|Any CPU
		{E49A88C9-A0B5-4E4E-AFAD-F3E47DD0A4D2}.Release|x86.ActiveCfg = Release|Any CPU
	EndGlobalSection
	GlobalSection(SolutionProperties) = preSolution
		HideSolutionNode = FALSE
	EndGlobalSection
EndGlobal
